
Microsoft Visual Studio Solution File, Format Version 12.00
# Visual Studio Version 17
VisualStudioVersion = 17.7.34009.444
MinimumVisualStudioVersion = 10.0.40219.1
Project("{9A19103F-16F7-4668-BE54-9A1E7A4F7556}") = "BassBoom.Native", "public\BassBoom.Native\BassBoom.Native.csproj", "{E72C2A3C-70EC-48E7-91CD-4F76F7722AAB}"
EndProject
Project("{9A19103F-16F7-4668-BE54-9A1E7A4F7556}") = "BassBoom.Basolia", "public\BassBoom.Basolia\BassBoom.Basolia.csproj", "{738C2D2F-E4DC-4FDB-8766-BC41DE5DDFF2}"
EndProject
Project("{9A19103F-16F7-4668-BE54-9A1E7A4F7556}") = "BassBoom.Cli", "private\BassBoom.Cli\BassBoom.Cli.csproj", "{7EBD3EB6-554E-46E1-B72E-8CF9F7E34F8B}"
EndProject
Project("{2150E333-8FDC-42A3-9474-1A3956D46DE8}") = "Assets", "Assets", "{EDC78D55-4B85-422E-9F6A-46B47C7C88EF}"
	ProjectSection(SolutionItems) = preProject
		CHANGES = CHANGES
		CHANGES.TITLE = CHANGES.TITLE
		Directory.Build.props = Directory.Build.props
	EndProjectSection
EndProject
Project("{FAE04EC0-301F-11D3-BF4B-00C04F79EFBC}") = "BuildTargets", "private\BuildTargets\BuildTargets.csproj", "{F0DF81D4-DBFA-42E9-92E1-9E502AAE64CD}"
EndProject
Global
	GlobalSection(SolutionConfigurationPlatforms) = preSolution
		Debug|Any CPU = Debug|Any CPU
		Release|Any CPU = Release|Any CPU
	EndGlobalSection
	GlobalSection(ProjectConfigurationPlatforms) = postSolution
		{E72C2A3C-70EC-48E7-91CD-4F76F7722AAB}.Debug|Any CPU.ActiveCfg = Debug|Any CPU
		{E72C2A3C-70EC-48E7-91CD-4F76F7722AAB}.Debug|Any CPU.Build.0 = Debug|Any CPU
		{E72C2A3C-70EC-48E7-91CD-4F76F7722AAB}.Release|Any CPU.ActiveCfg = Release|Any CPU
		{E72C2A3C-70EC-48E7-91CD-4F76F7722AAB}.Release|Any CPU.Build.0 = Release|Any CPU
		{738C2D2F-E4DC-4FDB-8766-BC41DE5DDFF2}.Debug|Any CPU.ActiveCfg = Debug|Any CPU
		{738C2D2F-E4DC-4FDB-8766-BC41DE5DDFF2}.Debug|Any CPU.Build.0 = Debug|Any CPU
		{738C2D2F-E4DC-4FDB-8766-BC41DE5DDFF2}.Release|Any CPU.ActiveCfg = Release|Any CPU
		{738C2D2F-E4DC-4FDB-8766-BC41DE5DDFF2}.Release|Any CPU.Build.0 = Release|Any CPU
		{7EBD3EB6-554E-46E1-B72E-8CF9F7E34F8B}.Debug|Any CPU.ActiveCfg = Debug|Any CPU
		{7EBD3EB6-554E-46E1-B72E-8CF9F7E34F8B}.Debug|Any CPU.Build.0 = Debug|Any CPU
		{7EBD3EB6-554E-46E1-B72E-8CF9F7E34F8B}.Release|Any CPU.ActiveCfg = Release|Any CPU
		{7EBD3EB6-554E-46E1-B72E-8CF9F7E34F8B}.Release|Any CPU.Build.0 = Release|Any CPU
		{F0DF81D4-DBFA-42E9-92E1-9E502AAE64CD}.Debug|Any CPU.ActiveCfg = Debug|Any CPU
		{F0DF81D4-DBFA-42E9-92E1-9E502AAE64CD}.Debug|Any CPU.Build.0 = Debug|Any CPU
		{F0DF81D4-DBFA-42E9-92E1-9E502AAE64CD}.Release|Any CPU.ActiveCfg = Release|Any CPU
		{F0DF81D4-DBFA-42E9-92E1-9E502AAE64CD}.Release|Any CPU.Build.0 = Release|Any CPU
	EndGlobalSection
	GlobalSection(SolutionProperties) = preSolution
		HideSolutionNode = FALSE
	EndGlobalSection
	GlobalSection(ExtensibilityGlobals) = postSolution
		SolutionGuid = {91352AF3-A9CB-4699-B632-9978AF4F3BC2}
	EndGlobalSection
EndGlobal
